{
  "name": "agent-pack-repo",
  "version": "0.1.0",
  "lockfileVersion": 3,
  "requires": true,
  "packages": {
    "": {
      "name": "agent-pack-repo",
      "version": "0.1.0",
      "license": "MIT",
      "workspaces": [
        "packages/*"
      ]
    },
    "node_modules/@agentpack/packs": {
      "resolved": "packages/packs",
      "link": true
    },
    "node_modules/agent-pack": {
      "resolved": "packages/cli",
      "link": true
    },
    "packages/cli": {
      "name": "agent-pack",
      "version": "0.1.0",
      "license": "MIT",
      "dependencies": {
        "@agentpack/packs": "0.1.0"
      },
      "bin": {
        "agent-pack": "dist/index.js",
        "agentpack": "dist/index.js"
      }
    },
    "packages/packs": {
      "name": "@agentpack/packs",
      "version": "0.1.0",
      "license": "MIT"
    }
  }
}
